
Microsoft Visual Studio Solution File, Format Version 11.00
# Visual C# Express 2010
Project("{FAE04EC0-301F-11D3-BF4B-00C04F79EFBC}") = "GridMon", "GridMon.csproj", "{4727F3DC-CBD6-42A9-819D-7830FBED4714}"
EndProject
Global
	GlobalSection(SolutionConfigurationPlatforms) = preSolution
		Debug_3.5|x86 = Debug_3.5|x86
		Debug|x86 = Debug|x86
		Release_3.5|x86 = Release_3.5|x86
		Release|x86 = Release|x86
	EndGlobalSection
	GlobalSection(ProjectConfigurationPlatforms) = postSolution
		{4727F3DC-CBD6-42A9-819D-7830FBED4714}.Debug_3.5|x86.ActiveCfg = Release|x86
		{4727F3DC-CBD6-42A9-819D-7830FBED4714}.Debug_3.5|x86.Build.0 = Release|x86
		{4727F3DC-CBD6-42A9-819D-7830FBED4714}.Debug|x86.ActiveCfg = Debug|x86
		{4727F3DC-CBD6-42A9-819D-7830FBED4714}.Debug|x86.Build.0 = Debug|x86
		{4727F3DC-CBD6-42A9-819D-7830FBED4714}.Release_3.5|x86.ActiveCfg = Release_3.5|x86
		{4727F3DC-CBD6-42A9-819D-7830FBED4714}.Release_3.5|x86.Build.0 = Release_3.5|x86
		{4727F3DC-CBD6-42A9-819D-7830FBED4714}.Release|x86.ActiveCfg = Release|x86
		{4727F3DC-CBD6-42A9-819D-7830FBED4714}.Release|x86.Build.0 = Release|x86
	EndGlobalSection
	GlobalSection(SolutionProperties) = preSolution
		HideSolutionNode = FALSE
	EndGlobalSection
EndGlobal
